
Microsoft Visual Studio Solution File, Format Version 12.00
# Visual Studio Version 17
VisualStudioVersion = 17.4.33403.182
MinimumVisualStudioVersion = 10.0.40219.1
Project("{FAE04EC0-301F-11D3-BF4B-00C04F79EFBC}") = "Blog API with JSON", "Blog API with JSON.csproj", "{C6069F76-0D21-4B74-8D99-2D5A37D264A4}"
EndProject
Global
	GlobalSection(SolutionConfigurationPlatforms) = preSolution
		Debug|Any CPU = Debug|Any CPU
		Release|Any CPU = Release|Any CPU
	EndGlobalSection
	GlobalSection(ProjectConfigurationPlatforms) = postSolution
		{C6069F76-0D21-4B74-8D99-2D5A37D264A4}.Debug|Any CPU.ActiveCfg = Debug|Any CPU
		{C6069F76-0D21-4B74-8D99-2D5A37D264A4}.Debug|Any CPU.Build.0 = Debug|Any CPU
		{C6069F76-0D21-4B74-8D99-2D5A37D264A4}.Release|Any CPU.ActiveCfg = Release|Any CPU
		{C6069F76-0D21-4B74-8D99-2D5A37D264A4}.Release|Any CPU.Build.0 = Release|Any CPU
	EndGlobalSection
	GlobalSection(SolutionProperties) = preSolution
		HideSolutionNode = FALSE
	EndGlobalSection
	GlobalSection(ExtensibilityGlobals) = postSolution
		SolutionGuid = {7083D767-E32D-461F-ABBF-91797C91ABCD}
	EndGlobalSection
EndGlobal
